
Microsoft Visual Studio Solution File, Format Version 12.00
# Visual Studio Version 17
VisualStudioVersion = 17.12.35514.174
MinimumVisualStudioVersion = 10.0.40219.1
Project("{FAE04EC0-301F-11D3-BF4B-00C04F79EFBC}") = "SignalR.Restaurant.Entities", "SignalR.Restaurant.Entities\SignalR.Restaurant.Entities.csproj", "{7AABB509-24DA-4874-A6F1-282E1483EF3F}"
EndProject
Project("{FAE04EC0-301F-11D3-BF4B-00C04F79EFBC}") = "SignalR.Restaurant.Web.UI", "SignalR.Restaurant.Web.UI\SignalR.Restaurant.Web.UI.csproj", "{3D7D3CD4-4E14-4F6D-B81E-FB94409EE58C}"
EndProject
Project("{FAE04EC0-301F-11D3-BF4B-00C04F79EFBC}") = "SignalR.Restaurant.SignalR.Api", "SignalR.Restaurant.SignalR.Api\SignalR.Restaurant.SignalR.Api.csproj", "{428DCFB5-CAB0-4600-9A26-C4FEBC01A8F4}"
EndProject
Project("{FAE04EC0-301F-11D3-BF4B-00C04F79EFBC}") = "SignalR.Restaurant.DataAccess", "SignalR.Restaurant.DataAccess\SignalR.Restaurant.DataAccess.csproj", "{A80DCE7B-232C-42ED-A112-5D05E2EC6285}"
EndProject
Project("{FAE04EC0-301F-11D3-BF4B-00C04F79EFBC}") = "SignalR.Restaurant.Business", "SignalR.Restaurant.Business\SignalR.Restaurant.Business.csproj", "{944E60BE-5180-4A78-8356-D83D31CD4551}"
EndProject
Project("{FAE04EC0-301F-11D3-BF4B-00C04F79EFBC}") = "SignalR.Restaurant.Dtos", "SignalR.Restaurant.Dtos\SignalR.Restaurant.Dtos.csproj", "{3D26AB6F-77AD-465A-B811-F943F39B8868}"
EndProject
Project("{2150E333-8FDC-42A3-9474-1A3956D46DE8}") = "Solution Items", "Solution Items", "{89C38BBC-D914-42C8-9307-ECCC07B8A8AB}"
	ProjectSection(SolutionItems) = preProject
		DatabaseTrigger.txt = DatabaseTrigger.txt
	EndProjectSection
EndProject
Global
	GlobalSection(SolutionConfigurationPlatforms) = preSolution
		Debug|Any CPU = Debug|Any CPU
		Release|Any CPU = Release|Any CPU
	EndGlobalSection
	GlobalSection(ProjectConfigurationPlatforms) = postSolution
		{7AABB509-24DA-4874-A6F1-282E1483EF3F}.Debug|Any CPU.ActiveCfg = Debug|Any CPU
		{7AABB509-24DA-4874-A6F1-282E1483EF3F}.Debug|Any CPU.Build.0 = Debug|Any CPU
		{7AABB509-24DA-4874-A6F1-282E1483EF3F}.Release|Any CPU.ActiveCfg = Release|Any CPU
		{7AABB509-24DA-4874-A6F1-282E1483EF3F}.Release|Any CPU.Build.0 = Release|Any CPU
		{3D7D3CD4-4E14-4F6D-B81E-FB94409EE58C}.Debug|Any CPU.ActiveCfg = Debug|Any CPU
		{3D7D3CD4-4E14-4F6D-B81E-FB94409EE58C}.Debug|Any CPU.Build.0 = Debug|Any CPU
		{3D7D3CD4-4E14-4F6D-B81E-FB94409EE58C}.Release|Any CPU.ActiveCfg = Release|Any CPU
		{3D7D3CD4-4E14-4F6D-B81E-FB94409EE58C}.Release|Any CPU.Build.0 = Release|Any CPU
		{428DCFB5-CAB0-4600-9A26-C4FEBC01A8F4}.Debug|Any CPU.ActiveCfg = Debug|Any CPU
		{428DCFB5-CAB0-4600-9A26-C4FEBC01A8F4}.Debug|Any CPU.Build.0 = Debug|Any CPU
		{428DCFB5-CAB0-4600-9A26-C4FEBC01A8F4}.Release|Any CPU.ActiveCfg = Release|Any CPU
		{428DCFB5-CAB0-4600-9A26-C4FEBC01A8F4}.Release|Any CPU.Build.0 = Release|Any CPU
		{A80DCE7B-232C-42ED-A112-5D05E2EC6285}.Debug|Any CPU.ActiveCfg = Debug|Any CPU
		{A80DCE7B-232C-42ED-A112-5D05E2EC6285}.Debug|Any CPU.Build.0 = Debug|Any CPU
		{A80DCE7B-232C-42ED-A112-5D05E2EC6285}.Release|Any CPU.ActiveCfg = Release|Any CPU
		{A80DCE7B-232C-42ED-A112-5D05E2EC6285}.Release|Any CPU.Build.0 = Release|Any CPU
		{944E60BE-5180-4A78-8356-D83D31CD4551}.Debug|Any CPU.ActiveCfg = Debug|Any CPU
		{944E60BE-5180-4A78-8356-D83D31CD4551}.Debug|Any CPU.Build.0 = Debug|Any CPU
		{944E60BE-5180-4A78-8356-D83D31CD4551}.Release|Any CPU.ActiveCfg = Release|Any CPU
		{944E60BE-5180-4A78-8356-D83D31CD4551}.Release|Any CPU.Build.0 = Release|Any CPU
		{3D26AB6F-77AD-465A-B811-F943F39B8868}.Debug|Any CPU.ActiveCfg = Debug|Any CPU
		{3D26AB6F-77AD-465A-B811-F943F39B8868}.Debug|Any CPU.Build.0 = Debug|Any CPU
		{3D26AB6F-77AD-465A-B811-F943F39B8868}.Release|Any CPU.ActiveCfg = Release|Any CPU
		{3D26AB6F-77AD-465A-B811-F943F39B8868}.Release|Any CPU.Build.0 = Release|Any CPU
	EndGlobalSection
	GlobalSection(SolutionProperties) = preSolution
		HideSolutionNode = FALSE
	EndGlobalSection
EndGlobal
